
Microsoft Visual Studio Solution File, Format Version 12.00
# Visual Studio Version 17
VisualStudioVersion = 17.14.36414.22
MinimumVisualStudioVersion = 10.0.40219.1
Project("{FAE04EC0-301F-11D3-BF4B-00C04F79EFBC}") = "Ryan_part1_ex2_c#", "Ryan_part1_ex2_c#.csproj", "{B3FBFA39-2572-41B4-B58F-3CB9F02DB46A}"
EndProject
Global
	GlobalSection(SolutionConfigurationPlatforms) = preSolution
		Debug|Any CPU = Debug|Any CPU
		Release|Any CPU = Release|Any CPU
	EndGlobalSection
	GlobalSection(ProjectConfigurationPlatforms) = postSolution
		{B3FBFA39-2572-41B4-B58F-3CB9F02DB46A}.Debug|Any CPU.ActiveCfg = Debug|Any CPU
		{B3FBFA39-2572-41B4-B58F-3CB9F02DB46A}.Debug|Any CPU.Build.0 = Debug|Any CPU
		{B3FBFA39-2572-41B4-B58F-3CB9F02DB46A}.Release|Any CPU.ActiveCfg = Release|Any CPU
		{B3FBFA39-2572-41B4-B58F-3CB9F02DB46A}.Release|Any CPU.Build.0 = Release|Any CPU
	EndGlobalSection
	GlobalSection(SolutionProperties) = preSolution
		HideSolutionNode = FALSE
	EndGlobalSection
	GlobalSection(ExtensibilityGlobals) = postSolution
		SolutionGuid = {A165C2B4-B914-4681-898D-405F262859E5}
	EndGlobalSection
EndGlobal
