Microsoft Visual Studio Solution File, Format Version 12.00
# Visual Studio Version 17
VisualStudioVersion = 17.5.2.0
MinimumVisualStudioVersion = 10.0.40219.1
Project("{FAE04EC0-301F-11D3-BF4B-00C04F79EFBC}") = "Platformer", "Platformer\Platformer.csproj", "{67D3C86F-BD1E-AE33-93FC-3BDD15B939EA}"
EndProject
Global
	GlobalSection(SolutionConfigurationPlatforms) = preSolution
		Debug|Any CPU = Debug|Any CPU
		Release|Any CPU = Release|Any CPU
	EndGlobalSection
	GlobalSection(ProjectConfigurationPlatforms) = postSolution
		{67D3C86F-BD1E-AE33-93FC-3BDD15B939EA}.Debug|Any CPU.ActiveCfg = Debug|Any CPU
		{67D3C86F-BD1E-AE33-93FC-3BDD15B939EA}.Debug|Any CPU.Build.0 = Debug|Any CPU
		{67D3C86F-BD1E-AE33-93FC-3BDD15B939EA}.Release|Any CPU.ActiveCfg = Release|Any CPU
		{67D3C86F-BD1E-AE33-93FC-3BDD15B939EA}.Release|Any CPU.Build.0 = Release|Any CPU
	EndGlobalSection
	GlobalSection(SolutionProperties) = preSolution
		HideSolutionNode = FALSE
	EndGlobalSection
	GlobalSection(ExtensibilityGlobals) = postSolution
		SolutionGuid = {C082779E-E24A-4498-AA7E-199B0CB9282A}
	EndGlobalSection
EndGlobal
