
Microsoft Visual Studio Solution File, Format Version 12.00
# Visual Studio Version 17
VisualStudioVersion = 17.14.36414.22 d17.14
MinimumVisualStudioVersion = 10.0.40219.1
Project("{FAE04EC0-301F-11D3-BF4B-00C04F79EFBC}") = "ex8", "ex8.csproj", "{22E44919-E385-4F82-97AA-A9FF35009140}"
EndProject
Global
	GlobalSection(SolutionConfigurationPlatforms) = preSolution
		Debug|Any CPU = Debug|Any CPU
		Release|Any CPU = Release|Any CPU
	EndGlobalSection
	GlobalSection(ProjectConfigurationPlatforms) = postSolution
		{22E44919-E385-4F82-97AA-A9FF35009140}.Debug|Any CPU.ActiveCfg = Debug|Any CPU
		{22E44919-E385-4F82-97AA-A9FF35009140}.Debug|Any CPU.Build.0 = Debug|Any CPU
		{22E44919-E385-4F82-97AA-A9FF35009140}.Release|Any CPU.ActiveCfg = Release|Any CPU
		{22E44919-E385-4F82-97AA-A9FF35009140}.Release|Any CPU.Build.0 = Release|Any CPU
	EndGlobalSection
	GlobalSection(SolutionProperties) = preSolution
		HideSolutionNode = FALSE
	EndGlobalSection
	GlobalSection(ExtensibilityGlobals) = postSolution
		SolutionGuid = {E95450F9-0458-4313-ADB3-A172FF9428EA}
	EndGlobalSection
EndGlobal
